"ProductId": "PROD102"
"ProductLanguageId": "DAN"
"ProductVariantId": ""
"ProductDefaultShopId": ""
"ProductNumber": "2134002617"
"ProductName": "Lock DIGITS Cable Lock"
"ProductShortDescription": "<p>A strong, reliable combination lock and cable that's available in 3 sizes.<br>The MERIDA CABLE LOCK DIGITS is a flexible, easy to use and secure cable and lock that is secured with a 3 digit combination. It is available in 90 cm, 120 cm and 180 cm lengths.</p>"
"ProductLongDescription": ""
"ProductImageSmall": ""
"ProductImageMedium": ""
"ProductImageLarge": ""
"ProductLink1": ""
"ProductLink2": ""
"ProductPrice": 61
"ProductStock": 11
"ProductStockGroupId": ""
"ProductWeight": 0
"ProductVolume": 0
"ProductVatGrpId": ""
"ProductManufacturerId": ""
"ProductActive": true
"ProductCreated": 2021-06-10T14:03:06.0000000
"ProductUpdated": 2021-06-10T14:28:27.0000000
"ProductCustomFieldsXml": ""
"ProductType": 0
"ProductPriceType": 1
"ProductPriceCounter": 0
"ProductVariantCounter": 0
"ProductVariantProdCounter": 0
"ProductRelatedCounter": 0
"ProductUnitCounter": 0
"ProductDefaultUnitId": ""
"ProductDefaultVariantComboId": ""
"ProductPriceMatrixUnit": 0
"ProductPriceMatrixVariant": 0
"ProductPriceMatrixMultiplePrices": 0
"ProductPriceMatrixQuantitySpecification": ""
"ProductMetaTitle": ""
"ProductMetaKeywords": ""
"ProductMetaDescription": ""
"ProductMetaUrl": ""
"ProductCategoryFieldValues": ""
"ProductCommentcount": 0
"ProductRating": 0
"ProductCost": 0
"ProductAutoId": 1415
"ProductMetaCanonical": ""
"ProductExcludeFromIndex": false
"ProductExcludeFromCustomizedUrls": false
"ProductExcludeFromAllProducts": false
"ProductPoints": 0
"ProductHidden": false
"ProductShowInProductList": false
"ProductApprovalState": 0
"ProductWorkflowStateId": 0
"ProductEAN": "1234567"
"ProductWidth": 0
"ProductHeight": 0
"ProductDepth": 120
"ProductNeverOutOfStock": false
"ProductPurchaseMinimumQuantity": 0
"ProductPurchaseQuantityStep": 0
"ProductExpectedDelivery": 1900-01-01T00:00:00.0000000
"ProductDiscontinued": false
"ProductReplacementProductId": ""
"ProductReplacementVariantId": ""
"ProductDiscontinuedAction": 0
"ProductExternalId": ""
"ProductExternalVariantId": ""
"ProductUniqueId": 5b8206ea-929f-f011-8c38-d4ae52d42aec
"ProductPeriodId": ""
"ProductVariantGroupCounter": 0
"ProductPriceMatrixPeriod": 0
"ProductOptimizedFor": ""
"MyVolume": ""
"MyDouble": 0
